Microsoft Visual Studio Solution File, Format Version 12.00
# Visual Studio Version 17
VisualStudioVersion = 17.5.2.0
MinimumVisualStudioVersion = 10.0.40219.1
Project("{FAE04EC0-301F-11D3-BF4B-00C04F79EFBC}") = "mayorista-el-brujo", "mayorista-el-brujo.csproj", "{65E3604F-A2EF-61C7-EE91-293F37635885}"
EndProject
Global
	GlobalSection(SolutionConfigurationPlatforms) = preSolution
		Debug|Any CPU = Debug|Any CPU
		Release|Any CPU = Release|Any CPU
	EndGlobalSection
	GlobalSection(ProjectConfigurationPlatforms) = postSolution
		{65E3604F-A2EF-61C7-EE91-293F37635885}.Debug|Any CPU.ActiveCfg = Debug|Any CPU
		{65E3604F-A2EF-61C7-EE91-293F37635885}.Debug|Any CPU.Build.0 = Debug|Any CPU
		{65E3604F-A2EF-61C7-EE91-293F37635885}.Release|Any CPU.ActiveCfg = Release|Any CPU
		{65E3604F-A2EF-61C7-EE91-293F37635885}.Release|Any CPU.Build.0 = Release|Any CPU
	EndGlobalSection
	GlobalSection(SolutionProperties) = preSolution
		HideSolutionNode = FALSE
	EndGlobalSection
	GlobalSection(ExtensibilityGlobals) = postSolution
		SolutionGuid = {5405A24D-9E08-465A-A4A4-0029DCC916F8}
	EndGlobalSection
EndGlobal
